PODS:
  - FSCalendar (2.7.9)
  - MBProgressHUD (1.0.0)
  - SnapKit (3.1.2)

DEPENDENCIES:
  - FSCalendar (~> 2.7.9)
  - MBProgressHUD (~> 1.0.0)
  - SnapKit (~> 3.1.2)

SPEC CHECKSUMS:
  FSCalendar: a04b09f16f811bc92e82f3cf852a15225233b9d5
  MBProgressHUD: 4890f671c94e8a0f3cf959aa731e9de2f036d71a
  SnapKit: 12b24f569cb7c143acc9c22b9d91b23e7b1c84a2

PODFILE CHECKSUM: f4b785df2b9cbc97a48fae1eca4b06cdaca791a2

COCOAPODS: 1.2.0
